
Microsoft Visual Studio Solution File, Format Version 12.00
# Visual Studio 14
VisualStudioVersion = 14.0.25123.0
MinimumVisualStudioVersion = 10.0.40219.1
Project("{FAE04EC0-301F-11D3-BF4B-00C04F79EFBC}") = "BusinessEntities", "BusinessEntities\BusinessEntities.csproj", "{7DFDC20E-4CFB-4E1B-B99C-8D0F54DE826D}"
EndProject
Project("{FAE04EC0-301F-11D3-BF4B-00C04F79EFBC}") = "DataAccessLayer", "DataAccessLayer\DataAccessLayer.csproj", "{30FF695A-4556-4A17-B50A-ADC0D09207C1}"
EndProject
Project("{FAE04EC0-301F-11D3-BF4B-00C04F79EFBC}") = "BusinessLogicLayer", "BusinessLogicLayer\BusinessLogicLayer.csproj", "{9B38A404-BE0D-473A-979B-10A233FC5924}"
EndProject
Project("{FAE04EC0-301F-11D3-BF4B-00C04F79EFBC}") = "WindApp", "WindApp\WindApp.csproj", "{97CD1087-2AF7-442D-A662-6540C18690BF}"
EndProject
Global
	GlobalSection(SolutionConfigurationPlatforms) = preSolution
		Debug|Any CPU = Debug|Any CPU
		Release|Any CPU = Release|Any CPU
	EndGlobalSection
	GlobalSection(ProjectConfigurationPlatforms) = postSolution
		{7DFDC20E-4CFB-4E1B-B99C-8D0F54DE826D}.Debug|Any CPU.ActiveCfg = Debug|Any CPU
		{7DFDC20E-4CFB-4E1B-B99C-8D0F54DE826D}.Debug|Any CPU.Build.0 = Debug|Any CPU
		{7DFDC20E-4CFB-4E1B-B99C-8D0F54DE826D}.Release|Any CPU.ActiveCfg = Release|Any CPU
		{7DFDC20E-4CFB-4E1B-B99C-8D0F54DE826D}.Release|Any CPU.Build.0 = Release|Any CPU
		{30FF695A-4556-4A17-B50A-ADC0D09207C1}.Debug|Any CPU.ActiveCfg = Debug|Any CPU
		{30FF695A-4556-4A17-B50A-ADC0D09207C1}.Debug|Any CPU.Build.0 = Debug|Any CPU
		{30FF695A-4556-4A17-B50A-ADC0D09207C1}.Release|Any CPU.ActiveCfg = Release|Any CPU
		{30FF695A-4556-4A17-B50A-ADC0D09207C1}.Release|Any CPU.Build.0 = Release|Any CPU
		{9B38A404-BE0D-473A-979B-10A233FC5924}.Debug|Any CPU.ActiveCfg = Debug|Any CPU
		{9B38A404-BE0D-473A-979B-10A233FC5924}.Debug|Any CPU.Build.0 = Debug|Any CPU
		{9B38A404-BE0D-473A-979B-10A233FC5924}.Release|Any CPU.ActiveCfg = Release|Any CPU
		{9B38A404-BE0D-473A-979B-10A233FC5924}.Release|Any CPU.Build.0 = Release|Any CPU
		{97CD1087-2AF7-442D-A662-6540C18690BF}.Debug|Any CPU.ActiveCfg = Debug|Any CPU
		{97CD1087-2AF7-442D-A662-6540C18690BF}.Debug|Any CPU.Build.0 = Debug|Any CPU
		{97CD1087-2AF7-442D-A662-6540C18690BF}.Release|Any CPU.ActiveCfg = Release|Any CPU
		{97CD1087-2AF7-442D-A662-6540C18690BF}.Release|Any CPU.Build.0 = Release|Any CPU
	EndGlobalSection
	GlobalSection(SolutionProperties) = preSolution
		HideSolutionNode = FALSE
	EndGlobalSection
EndGlobal
